<?xml version="1.0" encoding="utf-8"?>
<Project ToolsVersion="4.0" xmlns="http://schemas.microsoft.com/developer/msbuild/2003">
  <ItemGroup>
    <Filter Include="Network">
      <UniqueIdentifier>{2589a319-042c-40e5-aa23-e3933a059d76}</UniqueIdentifier>
    </Filter>
    <Filter Include="Utils">
      <UniqueIdentifier>{66c30804-41b0-4a51-a57f-d83d33226b6b}</UniqueIdentifier>
    </Filter>
    <Filter Include="Main">
      <UniqueIdentifier>{24c558b3-a235-45c6-9d4b-4dda50dcb17f}</UniqueIdentifier>
    </Filter>
    <Filter Include="Thread">
      <UniqueIdentifier>{0ad42228-d5e8-4740-a4fa-f0fa4c573b19}</UniqueIdentifier>
    </Filter>
    <Filter Include="Memory">
      <UniqueIdentifier>{f28424e6-283d-48ec-8fe0-636bcb5a12c2}</UniqueIdentifier>
    </Filter>
  </ItemGroup>
  <ItemGroup>
    <ClInclude Include="CorePch.h">
      <Filter>Main</Filter>
    </ClInclude>
    <ClInclude Include="pch.h">
      <Filter>Main</Filter>
    </ClInclude>
    <ClInclude Include="Types.h">
      <Filter>Main</Filter>
    </ClInclude>
    <ClInclude Include="CoreGlobal.h">
      <Filter>Main</Filter>
    </ClInclude>
    <ClInclude Include="CoreTLS.h">
      <Filter>Main</Filter>
    </ClInclude>
    <ClInclude Include="CoreMacro.h">
      <Filter>Main</Filter>
    </ClInclude>
    <ClInclude Include="ThreadManager.h">
      <Filter>Thread</Filter>
    </ClInclude>
    <ClInclude Include="Lock.h">
      <Filter>Thread</Filter>
    </ClInclude>
    <ClInclude Include="DeadLockProfiler.h">
      <Filter>Thread</Filter>
    </ClInclude>
    <ClInclude Include="RefCounting.h">
      <Filter>Memory</Filter>
    </ClInclude>
    <ClInclude Include="Allocator.h">
      <Filter>Memory</Filter>
    </ClInclude>
    <ClInclude Include="Memory.h">
      <Filter>Memory</Filter>
    </ClInclude>
  </ItemGroup>
  <ItemGroup>
    <ClCompile Include="CorePch.cpp">
      <Filter>Main</Filter>
    </ClCompile>
    <ClCompile Include="pch.cpp">
      <Filter>Main</Filter>
    </ClCompile>
    <ClCompile Include="CoreGlobal.cpp">
      <Filter>Main</Filter>
    </ClCompile>
    <ClCompile Include="CoreTLS.cpp">
      <Filter>Main</Filter>
    </ClCompile>
    <ClCompile Include="ThreadManager.cpp">
      <Filter>Thread</Filter>
    </ClCompile>
    <ClCompile Include="Lock.cpp">
      <Filter>Thread</Filter>
    </ClCompile>
    <ClCompile Include="DeadLockProfiler.cpp">
      <Filter>Thread</Filter>
    </ClCompile>
    <ClCompile Include="RefCounting.cpp">
      <Filter>Memory</Filter>
    </ClCompile>
    <ClCompile Include="Allocator.cpp">
      <Filter>Memory</Filter>
    </ClCompile>
    <ClCompile Include="Memory.cpp">
      <Filter>Memory</Filter>
    </ClCompile>
  </ItemGroup>
</Project>